// !$*UTF8*$!
{
	archiveVersion = 1;
	classes = {
	};
	objectVersion = 56;
	objects = {

/* Begin PBXBuildFile section */
		0406A142292BBD1500BD303D /* MyVoiceManagerApp.swift in Sources */ = {isa = PBXBuildFile; fileRef = 0406A141292BBD1500BD303D /* MyVoiceManagerApp.swift */; };
		0406A144292BBD1500BD303D /* ContentView.swift in Sources */ = {isa = PBXBuildFile; fileRef = 0406A143292BBD1500BD303D /* ContentView.swift */; };
		0406A146292BBD1800BD303D /* Assets.xcassets in Resources */ = {isa = PBXBuildFile; fileRef = 0406A145292BBD1800BD303D /* Assets.xcassets */; };
		0406A149292BBD1800BD303D /* Preview Assets.xcassets in Resources */ = {isa = PBXBuildFile; fileRef = 0406A148292BBD1800BD303D /* Preview Assets.xcassets */; };
		0406A153292BBD1800BD303D /* MyVoiceManagerTests.swift in Sources */ = {isa = PBXBuildFile; fileRef = 0406A152292BBD1800BD303D /* MyVoiceManagerTests.swift */; };
		0406A15D292BBD1900BD303D /* MyVoiceManagerUITests.swift in Sources */ = {isa = PBXBuildFile; fileRef = 0406A15C292BBD1900BD303D /* MyVoiceManagerUITests.swift */; };
		0406A15F292BBD1900BD303D /* MyVoiceManagerUITestsLaunchTests.swift in Sources */ = {isa = PBXBuildFile; fileRef = 0406A15E292BBD1900BD303D /* MyVoiceManagerUITestsLaunchTests.swift */; };
/* End PBXBuildFile section */

/* Begin PBXContainerItemProxy section */
		0406A14F292BBD1800BD303D /* PBXContainerItemProxy */ = {
			isa = PBXContainerItemProxy;
			containerPortal = 0406A136292BBD1500BD303D /* Project object */;
			proxyType = 1;
			remoteGlobalIDString = 0406A13D292BBD1500BD303D;
			remoteInfo = MyVoiceManager;
		};
		0406A159292BBD1900BD303D /* PBXContainerItemProxy */ = {
			isa = PBXContainerItemProxy;
			containerPortal = 0406A136292BBD1500BD303D /* Project object */;
			proxyType = 1;
			remoteGlobalIDString = 0406A13D292BBD1500BD303D;
			remoteInfo = MyVoiceManager;
		};
/* End PBXContainerItemProxy section */

/* Begin PBXFileReference section */
		0406A13E292BBD1500BD303D /* MyVoiceManager.app */ = {isa = PBXFileReference; explicitFileType = wrapper.application; includeInIndex = 0; path = MyVoiceManager.app; sourceTree = BUILT_PRODUCTS_DIR; };
		0406A141292BBD1500BD303D /* MyVoiceManagerApp.swift */ = {isa = PBXFileReference; lastKnownFileType = sourcecode.swift; path = MyVoiceManagerApp.swift; sourceTree = "<group>"; };
		0406A143292BBD1500BD303D /* ContentView.swift */ = {isa = PBXFileReference; lastKnownFileType = sourcecode.swift; path = ContentView.swift; sourceTree = "<group>"; };
		0406A145292BBD1800BD303D /* Assets.xcassets */ = {isa = PBXFileReference; lastKnownFileType = folder.assetcatalog; path = Assets.xcassets; sourceTree = "<group>"; };
		0406A148292BBD1800BD303D /* Preview Assets.xcassets */ = {isa = PBXFileReference; lastKnownFileType = folder.assetcatalog; path = "Preview Assets.xcassets"; sourceTree = "<group>"; };
		0406A14E292BBD1800BD303D /* MyVoiceManagerTests.xctest */ = {isa = PBXFileReference; explicitFileType = wrapper.cfbundle; includeInIndex = 0; path = MyVoiceManagerTests.xctest; sourceTree = BUILT_PRODUCTS_DIR; };
		0406A152292BBD1800BD303D /* MyVoiceManagerTests.swift */ = {isa = PBXFileReference; lastKnownFileType = sourcecode.swift; path = MyVoiceManagerTests.swift; sourceTree = "<group>"; };
		0406A158292BBD1900BD303D /* MyVoiceManagerUITests.xctest */ = {isa = PBXFileReference; explicitFileType = wrapper.cfbundle; includeInIndex = 0; path = MyVoiceManagerUITests.xctest; sourceTree = BUILT_PRODUCTS_DIR; };
		0406A15C292BBD1900BD303D /* MyVoiceManagerUITests.swift */ = {isa = PBXFileReference; lastKnownFileType = sourcecode.swift; path = MyVoiceManagerUITests.swift; sourceTree = "<group>"; };
		0406A15E292BBD1900BD303D /* MyVoiceManagerUITestsLaunchTests.swift */ = {isa = PBXFileReference; lastKnownFileType = sourcecode.swift; path = MyVoiceManagerUITestsLaunchTests.swift; sourceTree = "<group>"; };
/* End PBXFileReference section */

/* Begin PBXFrameworksBuildPhase section */
		0406A13B292BBD1500BD303D /* Frameworks */ = {
			isa = PBXFrameworksBuildPhase;
			buildActionMask = 2147483647;
			files = (
			);
			runOnlyForDeploymentPostprocessing = 0;
		};
		0406A14B292BBD1800BD303D /* Frameworks */ = {
			isa = PBXFrameworksBuildPhase;
			buildActionMask = 2147483647;
			files = (
			);
			runOnlyForDeploymentPostprocessing = 0;
		};
		0406A155292BBD1900BD303D /* Frameworks */ = {
			isa = PBXFrameworksBuildPhase;
			buildActionMask = 2147483647;
			files = (
			);
			runOnlyForDeploymentPostprocessing = 0;
		};
/* End PBXFrameworksBuildPhase section */

/* Begin PBXGroup section */
		0406A135292BBD1500BD303D = {
			isa = PBXGroup;
			children = (
				0406A140292BBD1500BD303D /* MyVoiceManager */,
				0406A151292BBD1800BD303D /* MyVoiceManagerTests */,
				0406A15B292BBD1900BD303D /* MyVoiceManagerUITests */,
				0406A13F292BBD1500BD303D /* Products */,
			);
			sourceTree = "<group>";
		};
		0406A13F292BBD1500BD303D /* Products */ = {
			isa = PBXGroup;
			children = (
				0406A13E292BBD1500BD303D /* MyVoiceManager.app */,
				0406A14E292BBD1800BD303D /* MyVoiceManagerTests.xctest */,
				0406A158292BBD1900BD303D /* MyVoiceManagerUITests.xctest */,
			);
			name = Products;
			sourceTree = "<group>";
		};
		0406A140292BBD1500BD303D /* MyVoiceManager */ = {
			isa = PBXGroup;
			children = (
				0406A141292BBD1500BD303D /* MyVoiceManagerApp.swift */,
				0406A143292BBD1500BD303D /* ContentView.swift */,
				0406A145292BBD1800BD303D /* Assets.xcassets */,
				0406A147292BBD1800BD303D /* Preview Content */,
			);
			path = MyVoiceManager;
			sourceTree = "<group>";
		};
		0406A147292BBD1800BD303D /* Preview Content */ = {
			isa = PBXGroup;
			children = (
				0406A148292BBD1800BD303D /* Preview Assets.xcassets */,
			);
			path = "Preview Content";
			sourceTree = "<group>";
		};
		0406A151292BBD1800BD303D /* MyVoiceManagerTests */ = {
			isa = PBXGroup;
			children = (
				0406A152292BBD1800BD303D /* MyVoiceManagerTests.swift */,
			);
			path = MyVoiceManagerTests;
			sourceTree = "<group>";
		};
		0406A15B292BBD1900BD303D /* MyVoiceManagerUITests */ = {
			isa = PBXGroup;
			children = (
				0406A15C292BBD1900BD303D /* MyVoiceManagerUITests.swift */,
				0406A15E292BBD1900BD303D /* MyVoiceManagerUITestsLaunchTests.swift */,
			);
			path = MyVoiceManagerUITests;
			sourceTree = "<group>";
		};
/* End PBXGroup section */

/* Begin PBXNativeTarget section */
		0406A13D292BBD1500BD303D /* MyVoiceManager */ = {
			isa = PBXNativeTarget;
			buildConfigurationList = 0406A162292BBD1900BD303D /* Build configuration list for PBXNativeTarget "MyVoiceManager" */;
			buildPhases = (
				0406A13A292BBD1500BD303D /* Sources */,
				0406A13B292BBD1500BD303D /* Frameworks */,
				0406A13C292BBD1500BD303D /* Resources */,
			);
			buildRules = (
			);
			dependencies = (
			);
			name = MyVoiceManager;
			productName = MyVoiceManager;
			productReference = 0406A13E292BBD1500BD303D /* MyVoiceManager.app */;
			productType = "com.apple.product-type.application";
		};
		0406A14D292BBD1800BD303D /* MyVoiceManagerTests */ = {
			isa = PBXNativeTarget;
			buildConfigurationList = 0406A165292BBD1900BD303D /* Build configuration list for PBXNativeTarget "MyVoiceManagerTests" */;
			buildPhases = (
				0406A14A292BBD1800BD303D /* Sources */,
				0406A14B292BBD1800BD303D /* Frameworks */,
				0406A14C292BBD1800BD303D /* Resources */,
			);
			buildRules = (
			);
			dependencies = (
				0406A150292BBD1800BD303D /* PBXTargetDependency */,
			);
			name = MyVoiceManagerTests;
			productName = MyVoiceManagerTests;
			productReference = 0406A14E292BBD1800BD303D /* MyVoiceManagerTests.xctest */;
			productType = "com.apple.product-type.bundle.unit-test";
		};
		0406A157292BBD1900BD303D /* MyVoiceManagerUITests */ = {
			isa = PBXNativeTarget;
			buildConfigurationList = 0406A168292BBD1900BD303D /* Build configuration list for PBXNativeTarget "MyVoiceManagerUITests" */;
			buildPhases = (
				0406A154292BBD1900BD303D /* Sources */,
				0406A155292BBD1900BD303D /* Frameworks */,
				0406A156292BBD1900BD303D /* Resources */,
			);
			buildRules = (
			);
			dependencies = (
				0406A15A292BBD1900BD303D /* PBXTargetDependency */,
			);
			name = MyVoiceManagerUITests;
			productName = MyVoiceManagerUITests;
			productReference = 0406A158292BBD1900BD303D /* MyVoiceManagerUITests.xctest */;
			productType = "com.apple.product-type.bundle.ui-testing";
		};
/* End PBXNativeTarget section */

/* Begin PBXProject section */
		0406A136292BBD1500BD303D /* Project object */ = {
			isa = PBXProject;
			attributes = {
				BuildIndependentTargetsInParallel = 1;
				LastSwiftUpdateCheck = 1410;
				LastUpgradeCheck = 1410;
				TargetAttributes = {
					0406A13D292BBD1500BD303D = {
						CreatedOnToolsVersion = 14.1;
					};
					0406A14D292BBD1800BD303D = {
						CreatedOnToolsVersion = 14.1;
						TestTargetID = 0406A13D292BBD1500BD303D;
					};
					0406A157292BBD1900BD303D = {
						CreatedOnToolsVersion = 14.1;
						TestTargetID = 0406A13D292BBD1500BD303D;
					};
				};
			};
			buildConfigurationList = 0406A139292BBD1500BD303D /* Build configuration list for PBXProject "MyVoiceManager" */;
			compatibilityVersion = "Xcode 14.0";
			developmentRegion = en;
			hasScannedForEncodings = 0;
			knownRegions = (
				en,
				Base,
			);
			mainGroup = 0406A135292BBD1500BD303D;
			productRefGroup = 0406A13F292BBD1500BD303D /* Products */;
			projectDirPath = "";
			projectRoot = "";
			targets = (
				0406A13D292BBD1500BD303D /* MyVoiceManager */,
				0406A14D292BBD1800BD303D /* MyVoiceManagerTests */,
				0406A157292BBD1900BD303D /* MyVoiceManagerUITests */,
			);
		};
/* End PBXProject section */

/* Begin PBXResourcesBuildPhase section */
		0406A13C292BBD1500BD303D /* Resources */ = {
			isa = PBXResourcesBuildPhase;
			buildActionMask = 2147483647;
			files = (
				0406A149292BBD1800BD303D /* Preview Assets.xcassets in Resources */,
				0406A146292BBD1800BD303D /* Assets.xcassets in Resources */,
			);
			runOnlyForDeploymentPostprocessing = 0;
		};
		0406A14C292BBD1800BD303D /* Resources */ = {
			isa = PBXResourcesBuildPhase;
			buildActionMask = 2147483647;
			files = (
			);
			runOnlyForDeploymentPostprocessing = 0;
		};
		0406A156292BBD1900BD303D /* Resources */ = {
			isa = PBXResourcesBuildPhase;
			buildActionMask = 2147483647;
			files = (
			);
			runOnlyForDeploymentPostprocessing = 0;
		};
/* End PBXResourcesBuildPhase section */

/* Begin PBXSourcesBuildPhase section */
		0406A13A292BBD1500BD303D /* Sources */ = {
			isa = PBXSourcesBuildPhase;
			buildActionMask = 2147483647;
			files = (
				0406A144292BBD1500BD303D /* ContentView.swift in Sources */,
				0406A142292BBD1500BD303D /* MyVoiceManagerApp.swift in Sources */,
			);
			runOnlyForDeploymentPostprocessing = 0;
		};
		0406A14A292BBD1800BD303D /* Sources */ = {
			isa = PBXSourcesBuildPhase;
			buildActionMask = 2147483647;
			files = (
				0406A153292BBD1800BD303D /* MyVoiceManagerTests.swift in Sources */,
			);
			runOnlyForDeploymentPostprocessing = 0;
		};
		0406A154292BBD1900BD303D /* Sources */ = {
			isa = PBXSourcesBuildPhase;
			buildActionMask = 2147483647;
			files = (
				0406A15D292BBD1900BD303D /* MyVoiceManagerUITests.swift in Sources */,
				0406A15F292BBD1900BD303D /* MyVoiceManagerUITestsLaunchTests.swift in Sources */,
			);
			runOnlyForDeploymentPostprocessing = 0;
		};
/* End PBXSourcesBuildPhase section */

/* Begin PBXTargetDependency section */
		0406A150292BBD1800BD303D /* PBXTargetDependency */ = {
			isa = PBXTargetDependency;
			target = 0406A13D292BBD1500BD303D /* MyVoiceManager */;
			targetProxy = 0406A14F292BBD1800BD303D /* PBXContainerItemProxy */;
		};
		0406A15A292BBD1900BD303D /* PBXTargetDependency */ = {
			isa = PBXTargetDependency;
			target = 0406A13D292BBD1500BD303D /* MyVoiceManager */;
			targetProxy = 0406A159292BBD1900BD303D /* PBXContainerItemProxy */;
		};
/* End PBXTargetDependency section */

/* Begin XCBuildConfiguration section */
		0406A160292BBD1900BD303D /* Debug */ = {
			isa = XCBuildConfiguration;
			buildSettings = {
				ALWAYS_SEARCH_USER_PATHS = NO;
				CLANG_ANALYZER_NONNULL = YES;
				CLANG_ANALYZER_NUMBER_OBJECT_CONVERSION = YES_AGGRESSIVE;
				CLANG_CXX_LANGUAGE_STANDARD = "gnu++20";
				CLANG_ENABLE_MODULES = YES;
				CLANG_ENABLE_OBJC_ARC = YES;
				CLANG_ENABLE_OBJC_WEAK = YES;
				CLANG_WARN_BLOCK_CAPTURE_AUTORELEASING = YES;
				CLANG_WARN_BOOL_CONVERSION = YES;
				CLANG_WARN_COMMA = YES;
				CLANG_WARN_CONSTANT_CONVERSION = YES;
				CLANG_WARN_DEPRECATED_OBJC_IMPLEMENTATIONS = YES;
				CLANG_WARN_DIRECT_OBJC_ISA_USAGE = YES_ERROR;
				CLANG_WARN_DOCUMENTATION_COMMENTS = YES;
				CLANG_WARN_EMPTY_BODY = YES;
				CLANG_WARN_ENUM_CONVERSION = YES;
				CLANG_WARN_INFINITE_RECURSION = YES;
				CLANG_WARN_INT_CONVERSION = YES;
				CLANG_WARN_NON_LITERAL_NULL_CONVERSION = YES;
				CLANG_WARN_OBJC_IMPLICIT_RETAIN_SELF = YES;
				CLANG_WARN_OBJC_LITERAL_CONVERSION = YES;
				CLANG_WARN_OBJC_ROOT_CLASS = YES_ERROR;
				CLANG_WARN_QUOTED_INCLUDE_IN_FRAMEWORK_HEADER = YES;
				CLANG_WARN_RANGE_LOOP_ANALYSIS = YES;
				CLANG_WARN_STRICT_PROTOTYPES = YES;
				CLANG_WARN_SUSPICIOUS_MOVE = YES;
				CLANG_WARN_UNGUARDED_AVAILABILITY = YES_AGGRESSIVE;
				CLANG_WARN_UNREACHABLE_CODE = YES;
				CLANG_WARN__DUPLICATE_METHOD_MATCH = YES;
				COPY_PHASE_STRIP = NO;
				DEBUG_INFORMATION_FORMAT = dwarf;
				ENABLE_STRICT_OBJC_MSGSEND = YES;
				ENABLE_TESTABILITY = YES;
				GCC_C_LANGUAGE_STANDARD = gnu11;
				GCC_DYNAMIC_NO_PIC = NO;
				GCC_NO_COMMON_BLOCKS = YES;
				GCC_OPTIMIZATION_LEVEL = 0;
				GCC_PREPROCESSOR_DEFINITIONS = (
					"DEBUG=1",
					"$(inherited)",
				);
				GCC_WARN_64_TO_32_BIT_CONVERSION = YES;
				GCC_WARN_ABOUT_RETURN_TYPE = YES_ERROR;
				GCC_WARN_UNDECLARED_SELECTOR = YES;
				GCC_WARN_UNINITIALIZED_AUTOS = YES_AGGRESSIVE;
				GCC_WARN_UNUSED_FUNCTION = YES;
				GCC_WARN_UNUSED_VARIABLE = YES;
				IPHONEOS_DEPLOYMENT_TARGET = 16.1;
				MTL_ENABLE_DEBUG_INFO = INCLUDE_SOURCE;
				MTL_FAST_MATH = YES;
				ONLY_ACTIVE_ARCH = YES;
				SDKROOT = iphoneos;
				SWIFT_ACTIVE_COMPILATION_CONDITIONS = DEBUG;
				SWIFT_OPTIMIZATION_LEVEL = "-Onone";
			};
			name = Debug;
		};
		0406A161292BBD1900BD303D /* Release */ = {
			isa = XCBuildConfiguration;
			buildSettings = {
				ALWAYS_SEARCH_USER_PATHS = NO;
				CLANG_ANALYZER_NONNULL = YES;
				CLANG_ANALYZER_NUMBER_OBJECT_CONVERSION = YES_AGGRESSIVE;
				CLANG_CXX_LANGUAGE_STANDARD = "gnu++20";
				CLANG_ENABLE_MODULES = YES;
				CLANG_ENABLE_OBJC_ARC = YES;
				CLANG_ENABLE_OBJC_WEAK = YES;
				CLANG_WARN_BLOCK_CAPTURE_AUTORELEASING = YES;
				CLANG_WARN_BOOL_CONVERSION = YES;
				CLANG_WARN_COMMA = YES;
				CLANG_WARN_CONSTANT_CONVERSION = YES;
				CLANG_WARN_DEPRECATED_OBJC_IMPLEMENTATIONS = YES;
				CLANG_WARN_DIRECT_OBJC_ISA_USAGE = YES_ERROR;
				CLANG_WARN_DOCUMENTATION_COMMENTS = YES;
				CLANG_WARN_EMPTY_BODY = YES;
				CLANG_WARN_ENUM_CONVERSION = YES;
				CLANG_WARN_INFINITE_RECURSION = YES;
				CLANG_WARN_INT_CONVERSION = YES;
				CLANG_WARN_NON_LITERAL_NULL_CONVERSION = YES;
				CLANG_WARN_OBJC_IMPLICIT_RETAIN_SELF = YES;
				CLANG_WARN_OBJC_LITERAL_CONVERSION = YES;
				CLANG_WARN_OBJC_ROOT_CLASS = YES_ERROR;
				CLANG_WARN_QUOTED_INCLUDE_IN_FRAMEWORK_HEADER = YES;
				CLANG_WARN_RANGE_LOOP_ANALYSIS = YES;
				CLANG_WARN_STRICT_PROTOTYPES = YES;
				CLANG_WARN_SUSPICIOUS_MOVE = YES;
				CLANG_WARN_UNGUARDED_AVAILABILITY = YES_AGGRESSIVE;
				CLANG_WARN_UNREACHABLE_CODE = YES;
				CLANG_WARN__DUPLICATE_METHOD_MATCH = YES;
				COPY_PHASE_STRIP = NO;
				DEBUG_INFORMATION_FORMAT = "dwarf-with-dsym";
				ENABLE_NS_ASSERTIONS = NO;
				ENABLE_STRICT_OBJC_MSGSEND = YES;
				GCC_C_LANGUAGE_STANDARD = gnu11;
				GCC_NO_COMMON_BLOCKS = YES;
				GCC_WARN_64_TO_32_BIT_CONVERSION = YES;
				GCC_WARN_ABOUT_RETURN_TYPE = YES_ERROR;
				GCC_WARN_UNDECLARED_SELECTOR = YES;
				GCC_WARN_UNINITIALIZED_AUTOS = YES_AGGRESSIVE;
				GCC_WARN_UNUSED_FUNCTION = YES;
				GCC_WARN_UNUSED_VARIABLE = YES;
				IPHONEOS_DEPLOYMENT_TARGET = 16.1;
				MTL_ENABLE_DEBUG_INFO = NO;
				MTL_FAST_MATH = YES;
				SDKROOT = iphoneos;
				SWIFT_COMPILATION_MODE = wholemodule;
				SWIFT_OPTIMIZATION_LEVEL = "-O";
				VALIDATE_PRODUCT = YES;
			};
			name = Release;
		};
		0406A163292BBD1900BD303D /* Debug */ = {
			isa = XCBuildConfiguration;
			buildSettings = {
				ASSETCATALOG_COMPILER_APPICON_NAME = AppIcon;
				ASSETCATALOG_COMPILER_GLOBAL_ACCENT_COLOR_NAME = AccentColor;
				CODE_SIGN_STYLE = Automatic;
				CURRENT_PROJECT_VERSION = 1;
				DEVELOPMENT_ASSET_PATHS = "\"MyVoiceManager/Preview Content\"";
				DEVELOPMENT_TEAM = 486989F3SG;
				ENABLE_PREVIEWS = YES;
				GENERATE_INFOPLIST_FILE = YES;
				INFOPLIST_KEY_UIApplicationSceneManifest_Generation = YES;
				INFOPLIST_KEY_UIApplicationSupportsIndirectInputEvents = YES;
				INFOPLIST_KEY_UILaunchScreen_Generation = YES;
				INFOPLIST_KEY_UISupportedInterfaceOrientations_iPad = "UIInterfaceOrientationPortrait UIInterfaceOrientationPortraitUpsideDown UIInterfaceOrientationLandscapeLeft UIInterfaceOrientationLandscapeRight";
				INFOPLIST_KEY_UISupportedInterfaceOrientations_iPhone = "UIInterfaceOrientationPortrait UIInterfaceOrientationLandscapeLeft UIInterfaceOrientationLandscapeRight";
				LD_RUNPATH_SEARCH_PATHS = (
					"$(inherited)",
					"@executable_path/Frameworks",
				);
				MARKETING_VERSION = 1.0;
				PRODUCT_BUNDLE_IDENTIFIER = mac.MyVoiceManager;
				PRODUCT_NAME = "$(TARGET_NAME)";
				SWIFT_EMIT_LOC_STRINGS = YES;
				SWIFT_VERSION = 5.0;
				TARGETED_DEVICE_FAMILY = "1,2";
			};
			name = Debug;
		};
		0406A164292BBD1900BD303D /* Release */ = {
			isa = XCBuildConfiguration;
			buildSettings = {
				ASSETCATALOG_COMPILER_APPICON_NAME = AppIcon;
				ASSETCATALOG_COMPILER_GLOBAL_ACCENT_COLOR_NAME = AccentColor;
				CODE_SIGN_STYLE = Automatic;
				CURRENT_PROJECT_VERSION = 1;
				DEVELOPMENT_ASSET_PATHS = "\"MyVoiceManager/Preview Content\"";
				DEVELOPMENT_TEAM = 486989F3SG;
				ENABLE_PREVIEWS = YES;
				GENERATE_INFOPLIST_FILE = YES;
				INFOPLIST_KEY_UIApplicationSceneManifest_Generation = YES;
				INFOPLIST_KEY_UIApplicationSupportsIndirectInputEvents = YES;
				INFOPLIST_KEY_UILaunchScreen_Generation = YES;
				INFOPLIST_KEY_UISupportedInterfaceOrientations_iPad = "UIInterfaceOrientationPortrait UIInterfaceOrientationPortraitUpsideDown UIInterfaceOrientationLandscapeLeft UIInterfaceOrientationLandscapeRight";
				INFOPLIST_KEY_UISupportedInterfaceOrientations_iPhone = "UIInterfaceOrientationPortrait UIInterfaceOrientationLandscapeLeft UIInterfaceOrientationLandscapeRight";
				LD_RUNPATH_SEARCH_PATHS = (
					"$(inherited)",
					"@executable_path/Frameworks",
				);
				MARKETING_VERSION = 1.0;
				PRODUCT_BUNDLE_IDENTIFIER = mac.MyVoiceManager;
				PRODUCT_NAME = "$(TARGET_NAME)";
				SWIFT_EMIT_LOC_STRINGS = YES;
				SWIFT_VERSION = 5.0;
				TARGETED_DEVICE_FAMILY = "1,2";
			};
			name = Release;
		};
		0406A166292BBD1900BD303D /* Debug */ = {
			isa = XCBuildConfiguration;
			buildSettings = {
				ALWAYS_EMBED_SWIFT_STANDARD_LIBRARIES = YES;
				BUNDLE_LOADER = "$(TEST_HOST)";
				CODE_SIGN_STYLE = Automatic;
				CURRENT_PROJECT_VERSION = 1;
				DEVELOPMENT_TEAM = 486989F3SG;
				GENERATE_INFOPLIST_FILE = YES;
				IPHONEOS_DEPLOYMENT_TARGET = 16.1;
				MARKETING_VERSION = 1.0;
				PRODUCT_BUNDLE_IDENTIFIER = mac.MyVoiceManagerTests;
				PRODUCT_NAME = "$(TARGET_NAME)";
				SWIFT_EMIT_LOC_STRINGS = NO;
				SWIFT_VERSION = 5.0;
				TARGETED_DEVICE_FAMILY = "1,2";
				TEST_HOST = "$(BUILT_PRODUCTS_DIR)/MyVoiceManager.app/$(BUNDLE_EXECUTABLE_FOLDER_PATH)/MyVoiceManager";
			};
			name = Debug;
		};
		0406A167292BBD1900BD303D /* Release */ = {
			isa = XCBuildConfiguration;
			buildSettings = {
				ALWAYS_EMBED_SWIFT_STANDARD_LIBRARIES = YES;
				BUNDLE_LOADER = "$(TEST_HOST)";
				CODE_SIGN_STYLE = Automatic;
				CURRENT_PROJECT_VERSION = 1;
				DEVELOPMENT_TEAM = 486989F3SG;
				GENERATE_INFOPLIST_FILE = YES;
				IPHONEOS_DEPLOYMENT_TARGET = 16.1;
				MARKETING_VERSION = 1.0;
				PRODUCT_BUNDLE_IDENTIFIER = mac.MyVoiceManagerTests;
				PRODUCT_NAME = "$(TARGET_NAME)";
				SWIFT_EMIT_LOC_STRINGS = NO;
				SWIFT_VERSION = 5.0;
				TARGETED_DEVICE_FAMILY = "1,2";
				TEST_HOST = "$(BUILT_PRODUCTS_DIR)/MyVoiceManager.app/$(BUNDLE_EXECUTABLE_FOLDER_PATH)/MyVoiceManager";
			};
			name = Release;
		};
		0406A169292BBD1900BD303D /* Debug */ = {
			isa = XCBuildConfiguration;
			buildSettings = {
				ALWAYS_EMBED_SWIFT_STANDARD_LIBRARIES = YES;
				CODE_SIGN_STYLE = Automatic;
				CURRENT_PROJECT_VERSION = 1;
				DEVELOPMENT_TEAM = 486989F3SG;
				GENERATE_INFOPLIST_FILE = YES;
				MARKETING_VERSION = 1.0;
				PRODUCT_BUNDLE_IDENTIFIER = mac.MyVoiceManagerUITests;
				PRODUCT_NAME = "$(TARGET_NAME)";
				SWIFT_EMIT_LOC_STRINGS = NO;
				SWIFT_VERSION = 5.0;
				TARGETED_DEVICE_FAMILY = "1,2";
				TEST_TARGET_NAME = MyVoiceManager;
			};
			name = Debug;
		};
		0406A16A292BBD1900BD303D /* Release */ = {
			isa = XCBuildConfiguration;
			buildSettings = {
				ALWAYS_EMBED_SWIFT_STANDARD_LIBRARIES = YES;
				CODE_SIGN_STYLE = Automatic;
				CURRENT_PROJECT_VERSION = 1;
				DEVELOPMENT_TEAM = 486989F3SG;
				GENERATE_INFOPLIST_FILE = YES;
				MARKETING_VERSION = 1.0;
				PRODUCT_BUNDLE_IDENTIFIER = mac.MyVoiceManagerUITests;
				PRODUCT_NAME = "$(TARGET_NAME)";
				SWIFT_EMIT_LOC_STRINGS = NO;
				SWIFT_VERSION = 5.0;
				TARGETED_DEVICE_FAMILY = "1,2";
				TEST_TARGET_NAME = MyVoiceManager;
			};
			name = Release;
		};
/* End XCBuildConfiguration section */

/* Begin XCConfigurationList section */
		0406A139292BBD1500BD303D /* Build configuration list for PBXProject "MyVoiceManager" */ = {
			isa = XCConfigurationList;
			buildConfigurations = (
				0406A160292BBD1900BD303D /* Debug */,
				0406A161292BBD1900BD303D /* Release */,
			);
			defaultConfigurationIsVisible = 0;
			defaultConfigurationName = Release;
		};
		0406A162292BBD1900BD303D /* Build configuration list for PBXNativeTarget "MyVoiceManager" */ = {
			isa = XCConfigurationList;
			buildConfigurations = (
				0406A163292BBD1900BD303D /* Debug */,
				0406A164292BBD1900BD303D /* Release */,
			);
			defaultConfigurationIsVisible = 0;
			defaultConfigurationName = Release;
		};
		0406A165292BBD1900BD303D /* Build configuration list for PBXNativeTarget "MyVoiceManagerTests" */ = {
			isa = XCConfigurationList;
			buildConfigurations = (
				0406A166292BBD1900BD303D /* Debug */,
				0406A167292BBD1900BD303D /* Release */,
			);
			defaultConfigurationIsVisible = 0;
			defaultConfigurationName = Release;
		};
		0406A168292BBD1900BD303D /* Build configuration list for PBXNativeTarget "MyVoiceManagerUITests" */ = {
			isa = XCConfigurationList;
			buildConfigurations = (
				0406A169292BBD1900BD303D /* Debug */,
				0406A16A292BBD1900BD303D /* Release */,
			);
			defaultConfigurationIsVisible = 0;
			defaultConfigurationName = Release;
		};
/* End XCConfigurationList section */
	};
	rootObject = 0406A136292BBD1500BD303D /* Project object */;
}
